dependencies:
- name: common
  repository: file://charts/common
  version: 0.1.7
- name: gateway
  repository: file://charts/gateway
  version: 1.0.3
- name: stardog
  repository: file://charts/stardog
  version: 4.0.4
- name: zookeeper
  repository: file://charts/zookeeper
  version: 1.0.3
- name: launchpad
  repository: file://charts/launchpad
  version: 1.0.4
- name: voicebox
  repository: file://charts/voicebox
  version: 1.1.3
- name: cachetarget
  repository: file://charts/cachetarget
  version: 1.0.3
digest: sha256:762a8b1de7d1f68407b1ddce969cf5768378b24a900569e1729d331b5beaccc3
generated: "2026-07-24T11:35:19.276306-04:00"
